PODS:
  - VoxImplantSDK (2.32.1):
    - VoxImplantSDK/Core (= 2.32.1)
  - VoxImplantSDK/Core (2.32.1):
    - VoxImplantWebRTC (= 78.3.0)
  - VoxImplantWebRTC (78.3.0)

DEPENDENCIES:
  - VoxImplantSDK (= 2.32.1)

SPEC REPOS:
  trunk:
    - VoxImplantSDK
    - VoxImplantWebRTC

SPEC CHECKSUMS:
  VoxImplantSDK: 5641af9a30c0eaf5cf17ed86fd197919c9637445
  VoxImplantWebRTC: b708efa4326db85a2cafe13b2e36bbdc614fc984

PODFILE CHECKSUM: 51b3cc1cf3f4e5852dc07e969d83e4975f2b4348

COCOAPODS: 1.9.3
