PODS:
  - VoxImplantSDK (2.38.0):
    - VoxImplantSDK/Core (= 2.38.0)
  - VoxImplantSDK/Core (2.38.0):
    - VoxImplantWebRTC (= 89.0.0)
  - VoxImplantWebRTC (89.0.0)

DEPENDENCIES:
  - VoxImplantSDK (= 2.38.0)

SPEC REPOS:
  trunk:
    - VoxImplantSDK
    - VoxImplantWebRTC

SPEC CHECKSUMS:
  VoxImplantSDK: 2d806d19b3d7cc735b7f8c4457145d62e4aef68a
  VoxImplantWebRTC: b7f4c2afef1fddb6a501789305ea45b5cd94b405

PODFILE CHECKSUM: 38fecc409625ecf05017511186893e5fea67dc92

COCOAPODS: 1.10.1
