PODS:
  - VoxImplantSDK (2.34.0):
    - VoxImplantSDK/Core (= 2.34.0)
  - VoxImplantSDK/Core (2.34.0):
    - VoxImplantWebRTC (= 78.5.0)
  - VoxImplantWebRTC (78.5.0)

DEPENDENCIES:
  - VoxImplantSDK (= 2.34.0)

SPEC REPOS:
  trunk:
    - VoxImplantSDK
    - VoxImplantWebRTC

SPEC CHECKSUMS:
  VoxImplantSDK: 1bd93a2346f3378a5109e10946d00e44fc9e4b01
  VoxImplantWebRTC: 1931752e5ad3eb595a59f426b858dab04250dbba

PODFILE CHECKSUM: 13d6cd24006e710d21b5973feeaf0b2f31640283

COCOAPODS: 1.9.3
